
Microsoft Visual Studio Solution File, Format Version 12.00
# Visual Studio 15
VisualStudioVersion = 15.0.28010.2016
MinimumVisualStudioVersion = 10.0.40219.1
Project("{FAE04EC0-301F-11D3-BF4B-00C04F79EFBC}") = "DemoDataTables01", "DemoDataTables01\DemoDataTables01.csproj", "{C849E344-78B6-4AB7-B590-7A7710ECBADA}"
EndProject
Global
	GlobalSection(SolutionConfigurationPlatforms) = preSolution
		Debug|Any CPU = Debug|Any CPU
		Release|Any CPU = Release|Any CPU
	EndGlobalSection
	GlobalSection(ProjectConfigurationPlatforms) = postSolution
		{C849E344-78B6-4AB7-B590-7A7710ECBADA}.Debug|Any CPU.ActiveCfg = Debug|Any CPU
		{C849E344-78B6-4AB7-B590-7A7710ECBADA}.Debug|Any CPU.Build.0 = Debug|Any CPU
		{C849E344-78B6-4AB7-B590-7A7710ECBADA}.Release|Any CPU.ActiveCfg = Release|Any CPU
		{C849E344-78B6-4AB7-B590-7A7710ECBADA}.Release|Any CPU.Build.0 = Release|Any CPU
	EndGlobalSection
	GlobalSection(SolutionProperties) = preSolution
		HideSolutionNode = FALSE
	EndGlobalSection
	GlobalSection(ExtensibilityGlobals) = postSolution
		SolutionGuid = {0B2CCDFE-F9CA-443C-99FB-A086DEDEF288}
	EndGlobalSection
EndGlobal
